
Microsoft Visual Studio Solution File, Format Version 12.00
# Visual Studio 15
VisualStudioVersion = 15.0.28307.1062
MinimumVisualStudioVersion = 10.0.40219.1
Project("{FAE04EC0-301F-11D3-BF4B-00C04F79EFBC}") = "RecEspeciais01", "RecEspeciais01\RecEspeciais01.csproj", "{B6B89ED2-0557-4B9F-BC7F-E7CC6B903612}"
EndProject
Global
	GlobalSection(SolutionConfigurationPlatforms) = preSolution
		Debug|Any CPU = Debug|Any CPU
		Release|Any CPU = Release|Any CPU
	EndGlobalSection
	GlobalSection(ProjectConfigurationPlatforms) = postSolution
		{B6B89ED2-0557-4B9F-BC7F-E7CC6B903612}.Debug|Any CPU.ActiveCfg = Debug|Any CPU
		{B6B89ED2-0557-4B9F-BC7F-E7CC6B903612}.Debug|Any CPU.Build.0 = Debug|Any CPU
		{B6B89ED2-0557-4B9F-BC7F-E7CC6B903612}.Release|Any CPU.ActiveCfg = Release|Any CPU
		{B6B89ED2-0557-4B9F-BC7F-E7CC6B903612}.Release|Any CPU.Build.0 = Release|Any CPU
	EndGlobalSection
	GlobalSection(SolutionProperties) = preSolution
		HideSolutionNode = FALSE
	EndGlobalSection
	GlobalSection(ExtensibilityGlobals) = postSolution
		SolutionGuid = {310D7173-1427-486D-BBE5-104EDA69F106}
	EndGlobalSection
EndGlobal
